
Microsoft Visual Studio Solution File, Format Version 12.00
# Visual Studio Version 16
VisualStudioVersion = 16.0.30114.105
MinimumVisualStudioVersion = 10.0.40219.1
Project("{2150E333-8FDC-42A3-9474-1A3956D46DE8}") = "src", "src", "{11030F80-4EBE-484A-921C-01454EB10071}"
EndProject
Project("{2150E333-8FDC-42A3-9474-1A3956D46DE8}") = "tests", "tests", "{DADEE3E3-0CE8-4493-8389-2733B065FD0B}"
EndProject
Project("{9A19103F-16F7-4668-BE54-9A1E7A4F7556}") = "Checkout.PaymentGateway.Api", "src\Checkout.PaymentGateway.Api\Checkout.PaymentGateway.Api.csproj", "{50A014CC-5931-41A8-BF70-82134F36F52F}"
EndProject
Project("{2150E333-8FDC-42A3-9474-1A3956D46DE8}") = "tools", "tools", "{EFF9AE25-A9CB-4739-AC63-2475F3C0B926}"
EndProject
Project("{E53339B2-1760-4266-BCC7-CA923CBCF16C}") = "docker-compose", "docker-compose.dcproj", "{E53254D6-095E-4E47-9C4C-D7130F6DCEA3}"
EndProject
Project("{9A19103F-16F7-4668-BE54-9A1E7A4F7556}") = "Checkout.PaymentGateway.AcquiringBankSimulator", "tools\Checkout.PaymentGateway.AcquiringBankSimulator\Checkout.PaymentGateway.AcquiringBankSimulator.csproj", "{69DE811B-B1B4-4AC6-9178-954E63DFF1E8}"
EndProject
Project("{9A19103F-16F7-4668-BE54-9A1E7A4F7556}") = "Checkout.PaymentGateway.ComponentTests", "tests\Checkout.PaymentGateway.ComponentTests\Checkout.PaymentGateway.ComponentTests.csproj", "{6BC5D81B-77E4-4576-8C82-F00DCF68C046}"
EndProject
Project("{9A19103F-16F7-4668-BE54-9A1E7A4F7556}") = "Checkout.PaymentGateway.Domain", "src\Checkout.PaymentGateway.Domain\Checkout.PaymentGateway.Domain.csproj", "{F483BF82-DC1E-4058-BF8C-854138E035D6}"
EndProject
Project("{2150E333-8FDC-42A3-9474-1A3956D46DE8}") = "Solution Items", "Solution Items", "{D300F68B-742B-42B1-A209-2058394C29BF}"
	ProjectSection(SolutionItems) = preProject
		.editorconfig = .editorconfig
	EndProjectSection
EndProject
Global
	GlobalSection(SolutionConfigurationPlatforms) = preSolution
		Debug|Any CPU = Debug|Any CPU
		Release|Any CPU = Release|Any CPU
	EndGlobalSection
	GlobalSection(ProjectConfigurationPlatforms) = postSolution
		{50A014CC-5931-41A8-BF70-82134F36F52F}.Debug|Any CPU.ActiveCfg = Debug|Any CPU
		{50A014CC-5931-41A8-BF70-82134F36F52F}.Debug|Any CPU.Build.0 = Debug|Any CPU
		{50A014CC-5931-41A8-BF70-82134F36F52F}.Release|Any CPU.ActiveCfg = Release|Any CPU
		{50A014CC-5931-41A8-BF70-82134F36F52F}.Release|Any CPU.Build.0 = Release|Any CPU
		{E53254D6-095E-4E47-9C4C-D7130F6DCEA3}.Debug|Any CPU.ActiveCfg = Debug|Any CPU
		{E53254D6-095E-4E47-9C4C-D7130F6DCEA3}.Debug|Any CPU.Build.0 = Debug|Any CPU
		{E53254D6-095E-4E47-9C4C-D7130F6DCEA3}.Release|Any CPU.ActiveCfg = Release|Any CPU
		{E53254D6-095E-4E47-9C4C-D7130F6DCEA3}.Release|Any CPU.Build.0 = Release|Any CPU
		{69DE811B-B1B4-4AC6-9178-954E63DFF1E8}.Debug|Any CPU.ActiveCfg = Debug|Any CPU
		{69DE811B-B1B4-4AC6-9178-954E63DFF1E8}.Debug|Any CPU.Build.0 = Debug|Any CPU
		{69DE811B-B1B4-4AC6-9178-954E63DFF1E8}.Release|Any CPU.ActiveCfg = Release|Any CPU
		{69DE811B-B1B4-4AC6-9178-954E63DFF1E8}.Release|Any CPU.Build.0 = Release|Any CPU
		{6BC5D81B-77E4-4576-8C82-F00DCF68C046}.Debug|Any CPU.ActiveCfg = Debug|Any CPU
		{6BC5D81B-77E4-4576-8C82-F00DCF68C046}.Debug|Any CPU.Build.0 = Debug|Any CPU
		{6BC5D81B-77E4-4576-8C82-F00DCF68C046}.Release|Any CPU.ActiveCfg = Release|Any CPU
		{6BC5D81B-77E4-4576-8C82-F00DCF68C046}.Release|Any CPU.Build.0 = Release|Any CPU
		{F483BF82-DC1E-4058-BF8C-854138E035D6}.Debug|Any CPU.ActiveCfg = Debug|Any CPU
		{F483BF82-DC1E-4058-BF8C-854138E035D6}.Debug|Any CPU.Build.0 = Debug|Any CPU
		{F483BF82-DC1E-4058-BF8C-854138E035D6}.Release|Any CPU.ActiveCfg = Release|Any CPU
		{F483BF82-DC1E-4058-BF8C-854138E035D6}.Release|Any CPU.Build.0 = Release|Any CPU
	EndGlobalSection
	GlobalSection(SolutionProperties) = preSolution
		HideSolutionNode = FALSE
	EndGlobalSection
	GlobalSection(NestedProjects) = preSolution
		{50A014CC-5931-41A8-BF70-82134F36F52F} = {11030F80-4EBE-484A-921C-01454EB10071}
		{69DE811B-B1B4-4AC6-9178-954E63DFF1E8} = {EFF9AE25-A9CB-4739-AC63-2475F3C0B926}
		{6BC5D81B-77E4-4576-8C82-F00DCF68C046} = {DADEE3E3-0CE8-4493-8389-2733B065FD0B}
		{F483BF82-DC1E-4058-BF8C-854138E035D6} = {11030F80-4EBE-484A-921C-01454EB10071}
	EndGlobalSection
	GlobalSection(ExtensibilityGlobals) = postSolution
		SolutionGuid = {4F0896DD-3B20-4173-B497-7D4EF7A26067}
	EndGlobalSection
EndGlobal
